{
  "version": 4,
  "terraform_version": "1.8.5",
  "serial": 4,
  "lineage": "1724ee7f-f263-e1eb-284b-d9f9e5d22cff",
  "outputs": {
    "name": {
      "value": "cfda76896ae7b739",
      "type": "string"
    }
  },
  "resources": [
    {
      "mode": "managed",
      "type": "aws_s3_bucket",
      "name": "tfdemobucket123321",
      "provider": "provider[\"registry.terraform.io/hashicorp/aws\"]",
      "instances": [
        {
          "schema_version": 0,
          "attributes": {
            "acceleration_status": "",
            "acl": null,
            "arn": "arn:aws:s3:::tfdemobucket.cfda76896ae7b739",
            "bucket": "tfdemobucket.cfda76896ae7b739",
            "bucket_domain_name": "tfdemobucket.cfda76896ae7b739.s3.amazonaws.com",
            "bucket_prefix": "",
            "bucket_regional_domain_name": "tfdemobucket.cfda76896ae7b739.s3.us-east-1.amazonaws.com",
            "cors_rule": [],
            "force_destroy": false,
            "grant": [
              {
                "id": "8e2d837682074b6c83e50a14df85bb93fd8516150d221c19b267351535a3ca07",
                "permissions": [
                  "FULL_CONTROL"
                ],
                "type": "CanonicalUser",
                "uri": ""
              }
            ],
            "hosted_zone_id": "Z3AQBSTGFYJSTF",
            "id": "tfdemobucket.cfda76896ae7b739",
            "lifecycle_rule": [],
            "logging": [],
            "object_lock_configuration": [],
            "object_lock_enabled": false,
            "policy": "",
            "region": "us-east-1",
            "replication_configuration": [],
            "request_payer": "BucketOwner",
            "server_side_encryption_configuration": [
              {
                "rule": [
                  {
                    "apply_server_side_encryption_by_default": [
                      {
                        "kms_master_key_id": "",
                        "sse_algorithm": "AES256"
                      }
                    ],
                    "bucket_key_enabled": false
                  }
                ]
              }
            ],
            "tags": null,
            "tags_all": {},
            "timeouts": null,
            "versioning": [
              {
                "enabled": false,
                "mfa_delete": false
              }
            ],
            "website": [],
            "website_domain": null,
            "website_endpoint": null
          },
          "sensitive_attributes": [],
          "private": "eyJlMmJmYjczMC1lY2FhLTExZTYtOGY4OC0zNDM2M2JjN2M0YzAiOnsiY3JlYXRlIjoxMjAwMDAwMDAwMDAwLCJkZWxldGUiOjM2MDAwMDAwMDAwMDAsInJlYWQiOjEyMDAwMDAwMDAwMDAsInVwZGF0ZSI6MTIwMDAwMDAwMDAwMH19",
          "dependencies": [
            "random_id.tf_random"
          ]
        }
      ]
    },
    {
      "mode": "managed",
      "type": "random_id",
      "name": "tf_random",
      "provider": "provider[\"registry.terraform.io/hashicorp/random\"]",
      "instances": [
        {
          "schema_version": 0,
          "attributes": {
            "b64_std": "z9p2iWrntzk=",
            "b64_url": "z9p2iWrntzk",
            "byte_length": 8,
            "dec": "14977413843350173497",
            "hex": "cfda76896ae7b739",
            "id": "z9p2iWrntzk",
            "keepers": null,
            "prefix": null
          },
          "sensitive_attributes": []
        }
      ]
    }
  ],
  "check_results": null
}
